<?xml version="1.0" encoding="UTF-8" standalone="yes" ?>
<CodeBlocks_project_file>
	<FileVersion major="1" minor="6" />
	<Project>
		<Option title="practico_4" />
		<Option pch_mode="2" />
		<Option compiler="gcc" />
		<Build>
			<Target title="Debug">
				<Option output="bin/Debug/practico_4" prefix_auto="1" extension_auto="1" />
				<Option object_output="obj/Debug/" />
				<Option type="1" />
				<Option compiler="gcc" />
				<Compiler>
					<Add option="-g" />
				</Compiler>
			</Target>
			<Target title="Release">
				<Option output="bin/Release/practico_4" prefix_auto="1" extension_auto="1" />
				<Option object_output="obj/Release/" />
				<Option type="1" />
				<Option compiler="gcc" />
				<Compiler>
					<Add option="-O2" />
				</Compiler>
				<Linker>
					<Add option="-s" />
				</Linker>
			</Target>
		</Build>
		<Compiler>
			<Add option="-Wall" />
			<Add option="-fexceptions" />
		</Compiler>
		<Unit filename="lib/comparar_iterativo.hpp" />
		<Unit filename="lib/comparar_recursivo.hpp" />
		<Unit filename="lib/intercambiar.hpp" />
		<Unit filename="lib/invertir_iterativo.hpp" />
		<Unit filename="lib/invertir_recursivo.hpp" />
		<Unit filename="lib/maximo_iterativo.hpp" />
		<Unit filename="lib/maximo_recursivo.hpp" />
		<Unit filename="lib/minimo_iterativo.hpp" />
		<Unit filename="lib/minimo_recursivo.hpp" />
		<Unit filename="lib/mostrar_arreglo.hpp" />
		<Unit filename="lib/ocurrencias_iterativo.hpp" />
		<Unit filename="lib/ocurrencias_recursivo.hpp" />
		<Unit filename="lib/total_iterativo.hpp" />
		<Unit filename="lib/total_recursiva.hpp" />
		<Unit filename="main.cpp" />
		<Extensions>
			<code_completion />
			<debugger />
		</Extensions>
	</Project>
</CodeBlocks_project_file>
